
Microsoft Visual Studio Solution File, Format Version 12.00
# Visual Studio 15
VisualStudioVersion = 15.0.27130.2024
MinimumVisualStudioVersion = 10.0.40219.1
Project("{FAE04EC0-301F-11D3-BF4B-00C04F79EFBC}") = "UDebug", "UDebug\UDebug.csproj", "{D5209A9C-3FA8-41A5-9DCA-F02EF05ACA3B}"
EndProject
Global
	GlobalSection(SolutionConfigurationPlatforms) = preSolution
		Debug|Any CPU = Debug|Any CPU
		Release|Any CPU = Release|Any CPU
	EndGlobalSection
	GlobalSection(ProjectConfigurationPlatforms) = postSolution
		{D5209A9C-3FA8-41A5-9DCA-F02EF05ACA3B}.Debug|Any CPU.ActiveCfg = Release|Any CPU
		{D5209A9C-3FA8-41A5-9DCA-F02EF05ACA3B}.Debug|Any CPU.Build.0 = Release|Any CPU
		{D5209A9C-3FA8-41A5-9DCA-F02EF05ACA3B}.Release|Any CPU.ActiveCfg = Release|Any CPU
		{D5209A9C-3FA8-41A5-9DCA-F02EF05ACA3B}.Release|Any CPU.Build.0 = Release|Any CPU
	EndGlobalSection
	GlobalSection(SolutionProperties) = preSolution
		HideSolutionNode = FALSE
	EndGlobalSection
	GlobalSection(ExtensibilityGlobals) = postSolution
		SolutionGuid = {82F13C79-32FB-4B78-A62C-331553540B10}
	EndGlobalSection
EndGlobal
